
Microsoft Visual Studio Solution File, Format Version 12.00
# Visual Studio Version 17
VisualStudioVersion = 17.10.34928.147
MinimumVisualStudioVersion = 10.0.40219.1
Project("{FAE04EC0-301F-11D3-BF4B-00C04F79EFBC}") = "PMS WPF NET8", "PMS WPF NET8.csproj", "{C16BB7A0-8331-4FED-9F17-56D35881335C}"
EndProject
Global
	GlobalSection(SolutionConfigurationPlatforms) = preSolution
		Debug|Any CPU = Debug|Any CPU
		Release|Any CPU = Release|Any CPU
	EndGlobalSection
	GlobalSection(ProjectConfigurationPlatforms) = postSolution
		{C16BB7A0-8331-4FED-9F17-56D35881335C}.Debug|Any CPU.ActiveCfg = Debug|Any CPU
		{C16BB7A0-8331-4FED-9F17-56D35881335C}.Debug|Any CPU.Build.0 = Debug|Any CPU
		{C16BB7A0-8331-4FED-9F17-56D35881335C}.Release|Any CPU.ActiveCfg = Release|Any CPU
		{C16BB7A0-8331-4FED-9F17-56D35881335C}.Release|Any CPU.Build.0 = Release|Any CPU
	EndGlobalSection
	GlobalSection(SolutionProperties) = preSolution
		HideSolutionNode = FALSE
	EndGlobalSection
	GlobalSection(ExtensibilityGlobals) = postSolution
		SolutionGuid = {D7685258-942A-40B8-AD2E-215342BDDE74}
	EndGlobalSection
EndGlobal
